// !$*UTF8*$!
{
	archiveVersion = 1;
	classes = {
	};
	objectVersion = 46;
	objects = {

/* Begin PBXBuildFile section */
		2CF1CF79D7DB2F49CD349258 /* Pods_PartySourceUITests.framework in Frameworks */ = {isa = PBXBuildFile; fileRef = 7B6804AB55981A1DA50E4D2D /* Pods_PartySourceUITests.framework */; };
		912C7EEF1F3660C800A11473 /* AppDelegate.swift in Sources */ = {isa = PBXBuildFile; fileRef = 912C7EEE1F3660C800A11473 /* AppDelegate.swift */; };
		912C7EF41F3660C800A11473 /* Main.storyboard in Resources */ = {isa = PBXBuildFile; fileRef = 912C7EF21F3660C800A11473 /* Main.storyboard */; };
		912C7EF61F3660C800A11473 /* Assets.xcassets in Resources */ = {isa = PBXBuildFile; fileRef = 912C7EF51F3660C800A11473 /* Assets.xcassets */; };
		912C7EF91F3660C800A11473 /* LaunchScreen.storyboard in Resources */ = {isa = PBXBuildFile; fileRef = 912C7EF71F3660C800A11473 /* LaunchScreen.storyboard */; };
		912C7F041F3660C800A11473 /* PartySourceTests.swift in Sources */ = {isa = PBXBuildFile; fileRef = 912C7F031F3660C800A11473 /* PartySourceTests.swift */; };
		912C7F0F1F3660C800A11473 /* PartySourceUITests.swift in Sources */ = {isa = PBXBuildFile; fileRef = 912C7F0E1F3660C800A11473 /* PartySourceUITests.swift */; };
		916E3BA81F37B9D100B0D53C /* SignUpView.swift in Sources */ = {isa = PBXBuildFile; fileRef = 916E3BA71F37B9D100B0D53C /* SignUpView.swift */; };
		916E3BAA1F37BBF400B0D53C /* ResetPasswordView.swift in Sources */ = {isa = PBXBuildFile; fileRef = 916E3BA91F37BBF400B0D53C /* ResetPasswordView.swift */; };
		916E3BAC1F37BC0100B0D53C /* ProfileView.swift in Sources */ = {isa = PBXBuildFile; fileRef = 916E3BAB1F37BC0100B0D53C /* ProfileView.swift */; };
		916E3BAE1F37BC1400B0D53C /* LoginView.swift in Sources */ = {isa = PBXBuildFile; fileRef = 916E3BAD1F37BC1400B0D53C /* LoginView.swift */; };
		91B87C3C1F36624D005DFA2B /* GoogleService-Info.plist in Resources */ = {isa = PBXBuildFile; fileRef = 91B87C3B1F36624D005DFA2B /* GoogleService-Info.plist */; };
		99C7D327D5F55BEA147650B4 /* Pods_PartySource.framework in Frameworks */ = {isa = PBXBuildFile; fileRef = 093DCB10BA887834CCC7C50D /* Pods_PartySource.framework */; };
		DB0429990EBA1778FE48D5D8 /* Pods_PartySourceTests.framework in Frameworks */ = {isa = PBXBuildFile; fileRef = 25D4FA07A1C9262C944A0C59 /* Pods_PartySourceTests.framework */; };
/* End PBXBuildFile section */

/* Begin PBXContainerItemProxy section */
		912C7F001F3660C800A11473 /* PBXContainerItemProxy */ = {
			isa = PBXContainerItemProxy;
			containerPortal = 912C7EE31F3660C800A11473 /* Project object */;
			proxyType = 1;
			remoteGlobalIDString = 912C7EEA1F3660C800A11473;
			remoteInfo = PartySource;
		};
		912C7F0B1F3660C800A11473 /* PBXContainerItemProxy */ = {
			isa = PBXContainerItemProxy;
			containerPortal = 912C7EE31F3660C800A11473 /* Project object */;
			proxyType = 1;
			remoteGlobalIDString = 912C7EEA1F3660C800A11473;
			remoteInfo = PartySource;
		};
/* End PBXContainerItemProxy section */

/* Begin PBXFileReference section */
		093DCB10BA887834CCC7C50D /* Pods_PartySource.framework */ = {isa = PBXFileReference; explicitFileType = wrapper.framework; includeInIndex = 0; path = Pods_PartySource.framework; sourceTree = BUILT_PRODUCTS_DIR; };
		0EF204BA3A4C70A98726BD47 /* Pods-PartySource.release.xcconfig */ = {isa = PBXFileReference; includeInIndex = 1; lastKnownFileType = text.xcconfig; name = "Pods-PartySource.release.xcconfig"; path = "Pods/Target Support Files/Pods-PartySource/Pods-PartySource.release.xcconfig"; sourceTree = "<group>"; };
		20EE4243F46FED3BE777A1BC /* Pods-PartySourceTests.release.xcconfig */ = {isa = PBXFileReference; includeInIndex = 1; lastKnownFileType = text.xcconfig; name = "Pods-PartySourceTests.release.xcconfig"; path = "Pods/Target Support Files/Pods-PartySourceTests/Pods-PartySourceTests.release.xcconfig"; sourceTree = "<group>"; };
		25D4FA07A1C9262C944A0C59 /* Pods_PartySourceTests.framework */ = {isa = PBXFileReference; explicitFileType = wrapper.framework; includeInIndex = 0; path = Pods_PartySourceTests.framework; sourceTree = BUILT_PRODUCTS_DIR; };
		7B6804AB55981A1DA50E4D2D /* Pods_PartySourceUITests.framework */ = {isa = PBXFileReference; explicitFileType = wrapper.framework; includeInIndex = 0; path = Pods_PartySourceUITests.framework; sourceTree = BUILT_PRODUCTS_DIR; };
		8FC89385B050A0EF0638474C /* Pods-PartySource.debug.xcconfig */ = {isa = PBXFileReference; includeInIndex = 1; lastKnownFileType = text.xcconfig; name = "Pods-PartySource.debug.xcconfig"; path = "Pods/Target Support Files/Pods-PartySource/Pods-PartySource.debug.xcconfig"; sourceTree = "<group>"; };
		912C7EEB1F3660C800A11473 /* PartySource.app */ = {isa = PBXFileReference; explicitFileType = wrapper.application; includeInIndex = 0; path = PartySource.app; sourceTree = BUILT_PRODUCTS_DIR; };
		912C7EEE1F3660C800A11473 /* AppDelegate.swift */ = {isa = PBXFileReference; lastKnownFileType = sourcecode.swift; path = AppDelegate.swift; sourceTree = "<group>"; };
		912C7EF31F3660C800A11473 /* Base */ = {isa = PBXFileReference; lastKnownFileType = file.storyboard; name = Base; path = Base.lproj/Main.storyboard; sourceTree = "<group>"; };
		912C7EF51F3660C800A11473 /* Assets.xcassets */ = {isa = PBXFileReference; lastKnownFileType = folder.assetcatalog; path = Assets.xcassets; sourceTree = "<group>"; };
		912C7EF81F3660C800A11473 /* Base */ = {isa = PBXFileReference; lastKnownFileType = file.storyboard; name = Base; path = Base.lproj/LaunchScreen.storyboard; sourceTree = "<group>"; };
		912C7EFA1F3660C800A11473 /* Info.plist */ = {isa = PBXFileReference; lastKnownFileType = text.plist.xml; path = Info.plist; sourceTree = "<group>"; };
		912C7EFF1F3660C800A11473 /* PartySourceTests.xctest */ = {isa = PBXFileReference; explicitFileType = wrapper.cfbundle; includeInIndex = 0; path = PartySourceTests.xctest; sourceTree = BUILT_PRODUCTS_DIR; };
		912C7F031F3660C800A11473 /* PartySourceTests.swift */ = {isa = PBXFileReference; lastKnownFileType = sourcecode.swift; path = PartySourceTests.swift; sourceTree = "<group>"; };
		912C7F051F3660C800A11473 /* Info.plist */ = {isa = PBXFileReference; lastKnownFileType = text.plist.xml; path = Info.plist; sourceTree = "<group>"; };
		912C7F0A1F3660C800A11473 /* PartySourceUITests.xctest */ = {isa = PBXFileReference; explicitFileType = wrapper.cfbundle; includeInIndex = 0; path = PartySourceUITests.xctest; sourceTree = BUILT_PRODUCTS_DIR; };
		912C7F0E1F3660C800A11473 /* PartySourceUITests.swift */ = {isa = PBXFileReference; lastKnownFileType = sourcecode.swift; path = PartySourceUITests.swift; sourceTree = "<group>"; };
		912C7F101F3660C800A11473 /* Info.plist */ = {isa = PBXFileReference; lastKnownFileType = text.plist.xml; path = Info.plist; sourceTree = "<group>"; };
		916E3BA71F37B9D100B0D53C /* SignUpView.swift */ = {isa = PBXFileReference; fileEncoding = 4; lastKnownFileType = sourcecode.swift; path = SignUpView.swift; sourceTree = "<group>"; };
		916E3BA91F37BBF400B0D53C /* ResetPasswordView.swift */ = {isa = PBXFileReference; fileEncoding = 4; lastKnownFileType = sourcecode.swift; path = ResetPasswordView.swift; sourceTree = "<group>"; };
		916E3BAB1F37BC0100B0D53C /* ProfileView.swift */ = {isa = PBXFileReference; fileEncoding = 4; lastKnownFileType = sourcecode.swift; path = ProfileView.swift; sourceTree = "<group>"; };
		916E3BAD1F37BC1400B0D53C /* LoginView.swift */ = {isa = PBXFileReference; fileEncoding = 4; lastKnownFileType = sourcecode.swift; path = LoginView.swift; sourceTree = "<group>"; };
		91B87C3B1F36624D005DFA2B /* GoogleService-Info.plist */ = {isa = PBXFileReference; fileEncoding = 4; lastKnownFileType = text.plist.xml; path = "GoogleService-Info.plist"; sourceTree = "<group>"; };
		BF394692EEE2E47B3A7327EC /* Pods-PartySourceTests.debug.xcconfig */ = {isa = PBXFileReference; includeInIndex = 1; lastKnownFileType = text.xcconfig; name = "Pods-PartySourceTests.debug.xcconfig"; path = "Pods/Target Support Files/Pods-PartySourceTests/Pods-PartySourceTests.debug.xcconfig"; sourceTree = "<group>"; };
		CD0D4B57461DB613918EBDD1 /* Pods-PartySourceUITests.release.xcconfig */ = {isa = PBXFileReference; includeInIndex = 1; lastKnownFileType = text.xcconfig; name = "Pods-PartySourceUITests.release.xcconfig"; path = "Pods/Target Support Files/Pods-PartySourceUITests/Pods-PartySourceUITests.release.xcconfig"; sourceTree = "<group>"; };
		D1DAFDFB5154EA2C32BF821E /* Pods-PartySourceUITests.debug.xcconfig */ = {isa = PBXFileReference; includeInIndex = 1; lastKnownFileType = text.xcconfig; name = "Pods-PartySourceUITests.debug.xcconfig"; path = "Pods/Target Support Files/Pods-PartySourceUITests/Pods-PartySourceUITests.debug.xcconfig"; sourceTree = "<group>"; };
/* End PBXFileReference section */

/* Begin PBXFrameworksBuildPhase section */
		912C7EE81F3660C800A11473 /* Frameworks */ = {
			isa = PBXFrameworksBuildPhase;
			buildActionMask = 2147483647;
			files = (
				99C7D327D5F55BEA147650B4 /* Pods_PartySource.framework in Frameworks */,
			);
			runOnlyForDeploymentPostprocessing = 0;
		};
		912C7EFC1F3660C800A11473 /* Frameworks */ = {
			isa = PBXFrameworksBuildPhase;
			buildActionMask = 2147483647;
			files = (
				DB0429990EBA1778FE48D5D8 /* Pods_PartySourceTests.framework in Frameworks */,
			);
			runOnlyForDeploymentPostprocessing = 0;
		};
		912C7F071F3660C800A11473 /* Frameworks */ = {
			isa = PBXFrameworksBuildPhase;
			buildActionMask = 2147483647;
			files = (
				2CF1CF79D7DB2F49CD349258 /* Pods_PartySourceUITests.framework in Frameworks */,
			);
			runOnlyForDeploymentPostprocessing = 0;
		};
/* End PBXFrameworksBuildPhase section */

/* Begin PBXGroup section */
		912C7EE21F3660C800A11473 = {
			isa = PBXGroup;
			children = (
				912C7EED1F3660C800A11473 /* PartySource */,
				912C7F021F3660C800A11473 /* PartySourceTests */,
				912C7F0D1F3660C800A11473 /* PartySourceUITests */,
				912C7EEC1F3660C800A11473 /* Products */,
				947EFF53E3FF5E1734CBC70D /* Pods */,
				F438B2D2F77629578B742537 /* Frameworks */,
			);
			sourceTree = "<group>";
		};
		912C7EEC1F3660C800A11473 /* Products */ = {
			isa = PBXGroup;
			children = (
				912C7EEB1F3660C800A11473 /* PartySource.app */,
				912C7EFF1F3660C800A11473 /* PartySourceTests.xctest */,
				912C7F0A1F3660C800A11473 /* PartySourceUITests.xctest */,
			);
			name = Products;
			sourceTree = "<group>";
		};
		912C7EED1F3660C800A11473 /* PartySource */ = {
			isa = PBXGroup;
			children = (
				916E3BA61F37B9B200B0D53C /* Controllers */,
				912C7EEE1F3660C800A11473 /* AppDelegate.swift */,
				912C7EF21F3660C800A11473 /* Main.storyboard */,
				912C7EF51F3660C800A11473 /* Assets.xcassets */,
				91B87C3B1F36624D005DFA2B /* GoogleService-Info.plist */,
				912C7EF71F3660C800A11473 /* LaunchScreen.storyboard */,
				912C7EFA1F3660C800A11473 /* Info.plist */,
			);
			path = PartySource;
			sourceTree = "<group>";
		};
		912C7F021F3660C800A11473 /* PartySourceTests */ = {
			isa = PBXGroup;
			children = (
				912C7F031F3660C800A11473 /* PartySourceTests.swift */,
				912C7F051F3660C800A11473 /* Info.plist */,
			);
			path = PartySourceTests;
			sourceTree = "<group>";
		};
		912C7F0D1F3660C800A11473 /* PartySourceUITests */ = {
			isa = PBXGroup;
			children = (
				912C7F0E1F3660C800A11473 /* PartySourceUITests.swift */,
				912C7F101F3660C800A11473 /* Info.plist */,
			);
			path = PartySourceUITests;
			sourceTree = "<group>";
		};
		916E3BA61F37B9B200B0D53C /* Controllers */ = {
			isa = PBXGroup;
			children = (
				916E3BAD1F37BC1400B0D53C /* LoginView.swift */,
				916E3BA91F37BBF400B0D53C /* ResetPasswordView.swift */,
				916E3BA71F37B9D100B0D53C /* SignUpView.swift */,
				916E3BAB1F37BC0100B0D53C /* ProfileView.swift */,
			);
			name = Controllers;
			sourceTree = "<group>";
		};
		947EFF53E3FF5E1734CBC70D /* Pods */ = {
			isa = PBXGroup;
			children = (
				8FC89385B050A0EF0638474C /* Pods-PartySource.debug.xcconfig */,
				0EF204BA3A4C70A98726BD47 /* Pods-PartySource.release.xcconfig */,
				BF394692EEE2E47B3A7327EC /* Pods-PartySourceTests.debug.xcconfig */,
				20EE4243F46FED3BE777A1BC /* Pods-PartySourceTests.release.xcconfig */,
				D1DAFDFB5154EA2C32BF821E /* Pods-PartySourceUITests.debug.xcconfig */,
				CD0D4B57461DB613918EBDD1 /* Pods-PartySourceUITests.release.xcconfig */,
			);
			name = Pods;
			sourceTree = "<group>";
		};
		F438B2D2F77629578B742537 /* Frameworks */ = {
			isa = PBXGroup;
			children = (
				093DCB10BA887834CCC7C50D /* Pods_PartySource.framework */,
				25D4FA07A1C9262C944A0C59 /* Pods_PartySourceTests.framework */,
				7B6804AB55981A1DA50E4D2D /* Pods_PartySourceUITests.framework */,
			);
			name = Frameworks;
			sourceTree = "<group>";
		};
/* End PBXGroup section */

/* Begin PBXNativeTarget section */
		912C7EEA1F3660C800A11473 /* PartySource */ = {
			isa = PBXNativeTarget;
			buildConfigurationList = 912C7F131F3660C800A11473 /* Build configuration list for PBXNativeTarget "PartySource" */;
			buildPhases = (
				D1DB11A93B260EE6CC04772C /* [CP] Check Pods Manifest.lock */,
				912C7EE71F3660C800A11473 /* Sources */,
				912C7EE81F3660C800A11473 /* Frameworks */,
				912C7EE91F3660C800A11473 /* Resources */,
				E387EF7269B1FA6367A2F117 /* [CP] Embed Pods Frameworks */,
				A92D87333D35D8E631592C98 /* [CP] Copy Pods Resources */,
			);
			buildRules = (
			);
			dependencies = (
			);
			name = PartySource;
			productName = PartySource;
			productReference = 912C7EEB1F3660C800A11473 /* PartySource.app */;
			productType = "com.apple.product-type.application";
		};
		912C7EFE1F3660C800A11473 /* PartySourceTests */ = {
			isa = PBXNativeTarget;
			buildConfigurationList = 912C7F161F3660C800A11473 /* Build configuration list for PBXNativeTarget "PartySourceTests" */;
			buildPhases = (
				7B8DC3712E85C302D3A06E75 /* [CP] Check Pods Manifest.lock */,
				912C7EFB1F3660C800A11473 /* Sources */,
				912C7EFC1F3660C800A11473 /* Frameworks */,
				912C7EFD1F3660C800A11473 /* Resources */,
				2413CC99541D7A40D571C226 /* [CP] Embed Pods Frameworks */,
				B8FF98827FE3C7EBAA857D0F /* [CP] Copy Pods Resources */,
			);
			buildRules = (
			);
			dependencies = (
				912C7F011F3660C800A11473 /* PBXTargetDependency */,
			);
			name = PartySourceTests;
			productName = PartySourceTests;
			productReference = 912C7EFF1F3660C800A11473 /* PartySourceTests.xctest */;
			productType = "com.apple.product-type.bundle.unit-test";
		};
		912C7F091F3660C800A11473 /* PartySourceUITests */ = {
			isa = PBXNativeTarget;
			buildConfigurationList = 912C7F191F3660C800A11473 /* Build configuration list for PBXNativeTarget "PartySourceUITests" */;
			buildPhases = (
				C4EFEC91DE45F9952955AB92 /* [CP] Check Pods Manifest.lock */,
				912C7F061F3660C800A11473 /* Sources */,
				912C7F071F3660C800A11473 /* Frameworks */,
				912C7F081F3660C800A11473 /* Resources */,
				7091AF558B468C29AFA8B956 /* [CP] Embed Pods Frameworks */,
				2370DF275B0EFC5A34B6A847 /* [CP] Copy Pods Resources */,
			);
			buildRules = (
			);
			dependencies = (
				912C7F0C1F3660C800A11473 /* PBXTargetDependency */,
			);
			name = PartySourceUITests;
			productName = PartySourceUITests;
			productReference = 912C7F0A1F3660C800A11473 /* PartySourceUITests.xctest */;
			productType = "com.apple.product-type.bundle.ui-testing";
		};
/* End PBXNativeTarget section */

/* Begin PBXProject section */
		912C7EE31F3660C800A11473 /* Project object */ = {
			isa = PBXProject;
			attributes = {
				LastSwiftUpdateCheck = 0830;
				LastUpgradeCheck = 0830;
				ORGANIZATIONNAME = "CRN Development";
				TargetAttributes = {
					912C7EEA1F3660C800A11473 = {
						CreatedOnToolsVersion = 8.3.3;
						DevelopmentTeam = 4JLUJ8SU2K;
						ProvisioningStyle = Automatic;
					};
					912C7EFE1F3660C800A11473 = {
						CreatedOnToolsVersion = 8.3.3;
						DevelopmentTeam = 4JLUJ8SU2K;
						ProvisioningStyle = Automatic;
						TestTargetID = 912C7EEA1F3660C800A11473;
					};
					912C7F091F3660C800A11473 = {
						CreatedOnToolsVersion = 8.3.3;
						DevelopmentTeam = 4JLUJ8SU2K;
						ProvisioningStyle = Automatic;
						TestTargetID = 912C7EEA1F3660C800A11473;
					};
				};
			};
			buildConfigurationList = 912C7EE61F3660C800A11473 /* Build configuration list for PBXProject "PartySource" */;
			compatibilityVersion = "Xcode 3.2";
			developmentRegion = English;
			hasScannedForEncodings = 0;
			knownRegions = (
				en,
				Base,
			);
			mainGroup = 912C7EE21F3660C800A11473;
			productRefGroup = 912C7EEC1F3660C800A11473 /* Products */;
			projectDirPath = "";
			projectRoot = "";
			targets = (
				912C7EEA1F3660C800A11473 /* PartySource */,
				912C7EFE1F3660C800A11473 /* PartySourceTests */,
				912C7F091F3660C800A11473 /* PartySourceUITests */,
			);
		};
/* End PBXProject section */

/* Begin PBXResourcesBuildPhase section */
		912C7EE91F3660C800A11473 /* Resources */ = {
			isa = PBXResourcesBuildPhase;
			buildActionMask = 2147483647;
			files = (
				912C7EF91F3660C800A11473 /* LaunchScreen.storyboard in Resources */,
				91B87C3C1F36624D005DFA2B /* GoogleService-Info.plist in Resources */,
				912C7EF61F3660C800A11473 /* Assets.xcassets in Resources */,
				912C7EF41F3660C800A11473 /* Main.storyboard in Resources */,
			);
			runOnlyForDeploymentPostprocessing = 0;
		};
		912C7EFD1F3660C800A11473 /* Resources */ = {
			isa = PBXResourcesBuildPhase;
			buildActionMask = 2147483647;
			files = (
			);
			runOnlyForDeploymentPostprocessing = 0;
		};
		912C7F081F3660C800A11473 /* Resources */ = {
			isa = PBXResourcesBuildPhase;
			buildActionMask = 2147483647;
			files = (
			);
			runOnlyForDeploymentPostprocessing = 0;
		};
/* End PBXResourcesBuildPhase section */

/* Begin PBXShellScriptBuildPhase section */
		2370DF275B0EFC5A34B6A847 /* [CP] Copy Pods Resources */ = {
			isa = PBXShellScriptBuildPhase;
			buildActionMask = 2147483647;
			files = (
			);
			inputPaths = (
			);
			name = "[CP] Copy Pods Resources";
			outputPaths = (
			);
			runOnlyForDeploymentPostprocessing = 0;
			shellPath = /bin/sh;
			shellScript = "\"${SRCROOT}/Pods/Target Support Files/Pods-PartySourceUITests/Pods-PartySourceUITests-resources.sh\"\n";
			showEnvVarsInLog = 0;
		};
		2413CC99541D7A40D571C226 /* [CP] Embed Pods Frameworks */ = {
			isa = PBXShellScriptBuildPhase;
			buildActionMask = 2147483647;
			files = (
			);
			inputPaths = (
			);
			name = "[CP] Embed Pods Frameworks";
			outputPaths = (
			);
			runOnlyForDeploymentPostprocessing = 0;
			shellPath = /bin/sh;
			shellScript = "\"${SRCROOT}/Pods/Target Support Files/Pods-PartySourceTests/Pods-PartySourceTests-frameworks.sh\"\n";
			showEnvVarsInLog = 0;
		};
		7091AF558B468C29AFA8B956 /* [CP] Embed Pods Frameworks */ = {
			isa = PBXShellScriptBuildPhase;
			buildActionMask = 2147483647;
			files = (
			);
			inputPaths = (
			);
			name = "[CP] Embed Pods Frameworks";
			outputPaths = (
			);
			runOnlyForDeploymentPostprocessing = 0;
			shellPath = /bin/sh;
			shellScript = "\"${SRCROOT}/Pods/Target Support Files/Pods-PartySourceUITests/Pods-PartySourceUITests-frameworks.sh\"\n";
			showEnvVarsInLog = 0;
		};
		7B8DC3712E85C302D3A06E75 /* [CP] Check Pods Manifest.lock */ = {
			isa = PBXShellScriptBuildPhase;
			buildActionMask = 2147483647;
			files = (
			);
			inputPaths = (
				"${PODS_PODFILE_DIR_PATH}/Podfile.lock",
				"${PODS_ROOT}/Manifest.lock",
			);
			name = "[CP] Check Pods Manifest.lock";
			outputPaths = (
				"$(DERIVED_FILE_DIR)/Pods-PartySourceTests-checkManifestLockResult.txt",
			);
			runOnlyForDeploymentPostprocessing = 0;
			shellPath = /bin/sh;
			shellScript = "diff \"${PODS_PODFILE_DIR_PATH}/Podfile.lock\" \"${PODS_ROOT}/Manifest.lock\" > /dev/null\nif [ $? != 0 ] ; then\n    # print error to STDERR\n    echo \"error: The sandbox is not in sync with the Podfile.lock. Run 'pod install' or update your CocoaPods installation.\" >&2\n    exit 1\nfi\n# This output is used by Xcode 'outputs' to avoid re-running this script phase.\necho \"SUCCESS\" > \"${SCRIPT_OUTPUT_FILE_0}\"\n";
			showEnvVarsInLog = 0;
		};
		A92D87333D35D8E631592C98 /* [CP] Copy Pods Resources */ = {
			isa = PBXShellScriptBuildPhase;
			buildActionMask = 2147483647;
			files = (
			);
			inputPaths = (
			);
			name = "[CP] Copy Pods Resources";
			outputPaths = (
			);
			runOnlyForDeploymentPostprocessing = 0;
			shellPath = /bin/sh;
			shellScript = "\"${SRCROOT}/Pods/Target Support Files/Pods-PartySource/Pods-PartySource-resources.sh\"\n";
			showEnvVarsInLog = 0;
		};
		B8FF98827FE3C7EBAA857D0F /* [CP] Copy Pods Resources */ = {
			isa = PBXShellScriptBuildPhase;
			buildActionMask = 2147483647;
			files = (
			);
			inputPaths = (
			);
			name = "[CP] Copy Pods Resources";
			outputPaths = (
			);
			runOnlyForDeploymentPostprocessing = 0;
			shellPath = /bin/sh;
			shellScript = "\"${SRCROOT}/Pods/Target Support Files/Pods-PartySourceTests/Pods-PartySourceTests-resources.sh\"\n";
			showEnvVarsInLog = 0;
		};
		C4EFEC91DE45F9952955AB92 /* [CP] Check Pods Manifest.lock */ = {
			isa = PBXShellScriptBuildPhase;
			buildActionMask = 2147483647;
			files = (
			);
			inputPaths = (
				"${PODS_PODFILE_DIR_PATH}/Podfile.lock",
				"${PODS_ROOT}/Manifest.lock",
			);
			name = "[CP] Check Pods Manifest.lock";
			outputPaths = (
				"$(DERIVED_FILE_DIR)/Pods-PartySourceUITests-checkManifestLockResult.txt",
			);
			runOnlyForDeploymentPostprocessing = 0;
			shellPath = /bin/sh;
			shellScript = "diff \"${PODS_PODFILE_DIR_PATH}/Podfile.lock\" \"${PODS_ROOT}/Manifest.lock\" > /dev/null\nif [ $? != 0 ] ; then\n    # print error to STDERR\n    echo \"error: The sandbox is not in sync with the Podfile.lock. Run 'pod install' or update your CocoaPods installation.\" >&2\n    exit 1\nfi\n# This output is used by Xcode 'outputs' to avoid re-running this script phase.\necho \"SUCCESS\" > \"${SCRIPT_OUTPUT_FILE_0}\"\n";
			showEnvVarsInLog = 0;
		};
		D1DB11A93B260EE6CC04772C /* [CP] Check Pods Manifest.lock */ = {
			isa = PBXShellScriptBuildPhase;
			buildActionMask = 2147483647;
			files = (
			);
			inputPaths = (
				"${PODS_PODFILE_DIR_PATH}/Podfile.lock",
				"${PODS_ROOT}/Manifest.lock",
			);
			name = "[CP] Check Pods Manifest.lock";
			outputPaths = (
				"$(DERIVED_FILE_DIR)/Pods-PartySource-checkManifestLockResult.txt",
			);
			runOnlyForDeploymentPostprocessing = 0;
			shellPath = /bin/sh;
			shellScript = "diff \"${PODS_PODFILE_DIR_PATH}/Podfile.lock\" \"${PODS_ROOT}/Manifest.lock\" > /dev/null\nif [ $? != 0 ] ; then\n    # print error to STDERR\n    echo \"error: The sandbox is not in sync with the Podfile.lock. Run 'pod install' or update your CocoaPods installation.\" >&2\n    exit 1\nfi\n# This output is used by Xcode 'outputs' to avoid re-running this script phase.\necho \"SUCCESS\" > \"${SCRIPT_OUTPUT_FILE_0}\"\n";
			showEnvVarsInLog = 0;
		};
		E387EF7269B1FA6367A2F117 /* [CP] Embed Pods Frameworks */ = {
			isa = PBXShellScriptBuildPhase;
			buildActionMask = 2147483647;
			files = (
			);
			inputPaths = (
				"${SRCROOT}/Pods/Target Support Files/Pods-PartySource/Pods-PartySource-frameworks.sh",
				"${BUILT_PRODUCTS_DIR}/GTMSessionFetcher/GTMSessionFetcher.framework",
				"${BUILT_PRODUCTS_DIR}/GoogleToolboxForMac/GoogleToolboxForMac.framework",
				"${BUILT_PRODUCTS_DIR}/nanopb/nanopb.framework",
			);
			name = "[CP] Embed Pods Frameworks";
			outputPaths = (
				"${TARGET_BUILD_DIR}/${FRAMEWORKS_FOLDER_PATH}/GTMSessionFetcher.framework",
				"${TARGET_BUILD_DIR}/${FRAMEWORKS_FOLDER_PATH}/GoogleToolboxForMac.framework",
				"${TARGET_BUILD_DIR}/${FRAMEWORKS_FOLDER_PATH}/nanopb.framework",
			);
			runOnlyForDeploymentPostprocessing = 0;
			shellPath = /bin/sh;
			shellScript = "\"${SRCROOT}/Pods/Target Support Files/Pods-PartySource/Pods-PartySource-frameworks.sh\"\n";
			showEnvVarsInLog = 0;
		};
/* End PBXShellScriptBuildPhase section */

/* Begin PBXSourcesBuildPhase section */
		912C7EE71F3660C800A11473 /* Sources */ = {
			isa = PBXSourcesBuildPhase;
			buildActionMask = 2147483647;
			files = (
				916E3BAE1F37BC1400B0D53C /* LoginView.swift in Sources */,
				916E3BAC1F37BC0100B0D53C /* ProfileView.swift in Sources */,
				916E3BA81F37B9D100B0D53C /* SignUpView.swift in Sources */,
				912C7EEF1F3660C800A11473 /* AppDelegate.swift in Sources */,
				916E3BAA1F37BBF400B0D53C /* ResetPasswordView.swift in Sources */,
			);
			runOnlyForDeploymentPostprocessing = 0;
		};
		912C7EFB1F3660C800A11473 /* Sources */ = {
			isa = PBXSourcesBuildPhase;
			buildActionMask = 2147483647;
			files = (
				912C7F041F3660C800A11473 /* PartySourceTests.swift in Sources */,
			);
			runOnlyForDeploymentPostprocessing = 0;
		};
		912C7F061F3660C800A11473 /* Sources */ = {
			isa = PBXSourcesBuildPhase;
			buildActionMask = 2147483647;
			files = (
				912C7F0F1F3660C800A11473 /* PartySourceUITests.swift in Sources */,
			);
			runOnlyForDeploymentPostprocessing = 0;
		};
/* End PBXSourcesBuildPhase section */

/* Begin PBXTargetDependency section */
		912C7F011F3660C800A11473 /* PBXTargetDependency */ = {
			isa = PBXTargetDependency;
			target = 912C7EEA1F3660C800A11473 /* PartySource */;
			targetProxy = 912C7F001F3660C800A11473 /* PBXContainerItemProxy */;
		};
		912C7F0C1F3660C800A11473 /* PBXTargetDependency */ = {
			isa = PBXTargetDependency;
			target = 912C7EEA1F3660C800A11473 /* PartySource */;
			targetProxy = 912C7F0B1F3660C800A11473 /* PBXContainerItemProxy */;
		};
/* End PBXTargetDependency section */

/* Begin PBXVariantGroup section */
		912C7EF21F3660C800A11473 /* Main.storyboard */ = {
			isa = PBXVariantGroup;
			children = (
				912C7EF31F3660C800A11473 /* Base */,
			);
			name = Main.storyboard;
			sourceTree = "<group>";
		};
		912C7EF71F3660C800A11473 /* LaunchScreen.storyboard */ = {
			isa = PBXVariantGroup;
			children = (
				912C7EF81F3660C800A11473 /* Base */,
			);
			name = LaunchScreen.storyboard;
			sourceTree = "<group>";
		};
/* End PBXVariantGroup section */

/* Begin XCBuildConfiguration section */
		912C7F111F3660C800A11473 /* Debug */ = {
			isa = XCBuildConfiguration;
			buildSettings = {
				ALWAYS_SEARCH_USER_PATHS = NO;
				CLANG_ANALYZER_NONNULL = YES;
				CLANG_ANALYZER_NUMBER_OBJECT_CONVERSION = YES_AGGRESSIVE;
				CLANG_CXX_LANGUAGE_STANDARD = "gnu++0x";
				CLANG_CXX_LIBRARY = "libc++";
				CLANG_ENABLE_MODULES = YES;
				CLANG_ENABLE_OBJC_ARC = YES;
				CLANG_WARN_BOOL_CONVERSION = YES;
				CLANG_WARN_CONSTANT_CONVERSION = YES;
				CLANG_WARN_DIRECT_OBJC_ISA_USAGE = YES_ERROR;
				CLANG_WARN_DOCUMENTATION_COMMENTS = YES;
				CLANG_WARN_EMPTY_BODY = YES;
				CLANG_WARN_ENUM_CONVERSION = YES;
				CLANG_WARN_INFINITE_RECURSION = YES;
				CLANG_WARN_INT_CONVERSION = YES;
				CLANG_WARN_OBJC_ROOT_CLASS = YES_ERROR;
				CLANG_WARN_SUSPICIOUS_MOVE = YES;
				CLANG_WARN_UNREACHABLE_CODE = YES;
				CLANG_WARN__DUPLICATE_METHOD_MATCH = YES;
				"CODE_SIGN_IDENTITY[sdk=iphoneos*]" = "iPhone Developer";
				COPY_PHASE_STRIP = NO;
				DEBUG_INFORMATION_FORMAT = dwarf;
				ENABLE_STRICT_OBJC_MSGSEND = YES;
				ENABLE_TESTABILITY = YES;
				GCC_C_LANGUAGE_STANDARD = gnu99;
				GCC_DYNAMIC_NO_PIC = NO;
				GCC_NO_COMMON_BLOCKS = YES;
				GCC_OPTIMIZATION_LEVEL = 0;
				GCC_PREPROCESSOR_DEFINITIONS = (
					"DEBUG=1",
					"$(inherited)",
				);
				GCC_WARN_64_TO_32_BIT_CONVERSION = YES;
				GCC_WARN_ABOUT_RETURN_TYPE = YES_ERROR;
				GCC_WARN_UNDECLARED_SELECTOR = YES;
				GCC_WARN_UNINITIALIZED_AUTOS = YES_AGGRESSIVE;
				GCC_WARN_UNUSED_FUNCTION = YES;
				GCC_WARN_UNUSED_VARIABLE = YES;
				IPHONEOS_DEPLOYMENT_TARGET = 10.3;
				MTL_ENABLE_DEBUG_INFO = YES;
				ONLY_ACTIVE_ARCH = YES;
				SDKROOT = iphoneos;
				SWIFT_ACTIVE_COMPILATION_CONDITIONS = DEBUG;
				SWIFT_OPTIMIZATION_LEVEL = "-Onone";
			};
			name = Debug;
		};
		912C7F121F3660C800A11473 /* Release */ = {
			isa = XCBuildConfiguration;
			buildSettings = {
				ALWAYS_SEARCH_USER_PATHS = NO;
				CLANG_ANALYZER_NONNULL = YES;
				CLANG_ANALYZER_NUMBER_OBJECT_CONVERSION = YES_AGGRESSIVE;
				CLANG_CXX_LANGUAGE_STANDARD = "gnu++0x";
				CLANG_CXX_LIBRARY = "libc++";
				CLANG_ENABLE_MODULES = YES;
				CLANG_ENABLE_OBJC_ARC = YES;
				CLANG_WARN_BOOL_CONVERSION = YES;
				CLANG_WARN_CONSTANT_CONVERSION = YES;
				CLANG_WARN_DIRECT_OBJC_ISA_USAGE = YES_ERROR;
				CLANG_WARN_DOCUMENTATION_COMMENTS = YES;
				CLANG_WARN_EMPTY_BODY = YES;
				CLANG_WARN_ENUM_CONVERSION = YES;
				CLANG_WARN_INFINITE_RECURSION = YES;
				CLANG_WARN_INT_CONVERSION = YES;
				CLANG_WARN_OBJC_ROOT_CLASS = YES_ERROR;
				CLANG_WARN_SUSPICIOUS_MOVE = YES;
				CLANG_WARN_UNREACHABLE_CODE = YES;
				CLANG_WARN__DUPLICATE_METHOD_MATCH = YES;
				"CODE_SIGN_IDENTITY[sdk=iphoneos*]" = "iPhone Developer";
				COPY_PHASE_STRIP = NO;
				DEBUG_INFORMATION_FORMAT = "dwarf-with-dsym";
				ENABLE_NS_ASSERTIONS = NO;
				ENABLE_STRICT_OBJC_MSGSEND = YES;
				GCC_C_LANGUAGE_STANDARD = gnu99;
				GCC_NO_COMMON_BLOCKS = YES;
				GCC_WARN_64_TO_32_BIT_CONVERSION = YES;
				GCC_WARN_ABOUT_RETURN_TYPE = YES_ERROR;
				GCC_WARN_UNDECLARED_SELECTOR = YES;
				GCC_WARN_UNINITIALIZED_AUTOS = YES_AGGRESSIVE;
				GCC_WARN_UNUSED_FUNCTION = YES;
				GCC_WARN_UNUSED_VARIABLE = YES;
				IPHONEOS_DEPLOYMENT_TARGET = 10.3;
				MTL_ENABLE_DEBUG_INFO = NO;
				SDKROOT = iphoneos;
				SWIFT_OPTIMIZATION_LEVEL = "-Owholemodule";
				VALIDATE_PRODUCT = YES;
			};
			name = Release;
		};
		912C7F141F3660C800A11473 /* Debug */ = {
			isa = XCBuildConfiguration;
			baseConfigurationReference = 8FC89385B050A0EF0638474C /* Pods-PartySource.debug.xcconfig */;
			buildSettings = {
				ASSETCATALOG_COMPILER_APPICON_NAME = AppIcon;
				DEVELOPMENT_TEAM = 4JLUJ8SU2K;
				INFOPLIST_FILE = PartySource/Info.plist;
				LD_RUNPATH_SEARCH_PATHS = "$(inherited) @executable_path/Frameworks";
				PRODUCT_BUNDLE_IDENTIFIER = "crn-Development.PartySource";
				PRODUCT_NAME = "$(TARGET_NAME)";
				SWIFT_VERSION = 3.0;
			};
			name = Debug;
		};
		912C7F151F3660C800A11473 /* Release */ = {
			isa = XCBuildConfiguration;
			baseConfigurationReference = 0EF204BA3A4C70A98726BD47 /* Pods-PartySource.release.xcconfig */;
			buildSettings = {
				ASSETCATALOG_COMPILER_APPICON_NAME = AppIcon;
				DEVELOPMENT_TEAM = 4JLUJ8SU2K;
				INFOPLIST_FILE = PartySource/Info.plist;
				LD_RUNPATH_SEARCH_PATHS = "$(inherited) @executable_path/Frameworks";
				PRODUCT_BUNDLE_IDENTIFIER = "crn-Development.PartySource";
				PRODUCT_NAME = "$(TARGET_NAME)";
				SWIFT_VERSION = 3.0;
			};
			name = Release;
		};
		912C7F171F3660C800A11473 /* Debug */ = {
			isa = XCBuildConfiguration;
			baseConfigurationReference = BF394692EEE2E47B3A7327EC /* Pods-PartySourceTests.debug.xcconfig */;
			buildSettings = {
				ALWAYS_EMBED_SWIFT_STANDARD_LIBRARIES = YES;
				BUNDLE_LOADER = "$(TEST_HOST)";
				DEVELOPMENT_TEAM = 4JLUJ8SU2K;
				INFOPLIST_FILE = PartySourceTests/Info.plist;
				LD_RUNPATH_SEARCH_PATHS = "$(inherited) @executable_path/Frameworks @loader_path/Frameworks";
				PRODUCT_BUNDLE_IDENTIFIER = "crn-Development.PartySourceTests";
				PRODUCT_NAME = "$(TARGET_NAME)";
				SWIFT_VERSION = 3.0;
				TEST_HOST = "$(BUILT_PRODUCTS_DIR)/PartySource.app/PartySource";
			};
			name = Debug;
		};
		912C7F181F3660C800A11473 /* Release */ = {
			isa = XCBuildConfiguration;
			baseConfigurationReference = 20EE4243F46FED3BE777A1BC /* Pods-PartySourceTests.release.xcconfig */;
			buildSettings = {
				ALWAYS_EMBED_SWIFT_STANDARD_LIBRARIES = YES;
				BUNDLE_LOADER = "$(TEST_HOST)";
				DEVELOPMENT_TEAM = 4JLUJ8SU2K;
				INFOPLIST_FILE = PartySourceTests/Info.plist;
				LD_RUNPATH_SEARCH_PATHS = "$(inherited) @executable_path/Frameworks @loader_path/Frameworks";
				PRODUCT_BUNDLE_IDENTIFIER = "crn-Development.PartySourceTests";
				PRODUCT_NAME = "$(TARGET_NAME)";
				SWIFT_VERSION = 3.0;
				TEST_HOST = "$(BUILT_PRODUCTS_DIR)/PartySource.app/PartySource";
			};
			name = Release;
		};
		912C7F1A1F3660C800A11473 /* Debug */ = {
			isa = XCBuildConfiguration;
			baseConfigurationReference = D1DAFDFB5154EA2C32BF821E /* Pods-PartySourceUITests.debug.xcconfig */;
			buildSettings = {
				ALWAYS_EMBED_SWIFT_STANDARD_LIBRARIES = YES;
				DEVELOPMENT_TEAM = 4JLUJ8SU2K;
				INFOPLIST_FILE = PartySourceUITests/Info.plist;
				LD_RUNPATH_SEARCH_PATHS = "$(inherited) @executable_path/Frameworks @loader_path/Frameworks";
				PRODUCT_BUNDLE_IDENTIFIER = "crn-Development.PartySourceUITests";
				PRODUCT_NAME = "$(TARGET_NAME)";
				SWIFT_VERSION = 3.0;
				TEST_TARGET_NAME = PartySource;
			};
			name = Debug;
		};
		912C7F1B1F3660C800A11473 /* Release */ = {
			isa = XCBuildConfiguration;
			baseConfigurationReference = CD0D4B57461DB613918EBDD1 /* Pods-PartySourceUITests.release.xcconfig */;
			buildSettings = {
				ALWAYS_EMBED_SWIFT_STANDARD_LIBRARIES = YES;
				DEVELOPMENT_TEAM = 4JLUJ8SU2K;
				INFOPLIST_FILE = PartySourceUITests/Info.plist;
				LD_RUNPATH_SEARCH_PATHS = "$(inherited) @executable_path/Frameworks @loader_path/Frameworks";
				PRODUCT_BUNDLE_IDENTIFIER = "crn-Development.PartySourceUITests";
				PRODUCT_NAME = "$(TARGET_NAME)";
				SWIFT_VERSION = 3.0;
				TEST_TARGET_NAME = PartySource;
			};
			name = Release;
		};
/* End XCBuildConfiguration section */

/* Begin XCConfigurationList section */
		912C7EE61F3660C800A11473 /* Build configuration list for PBXProject "PartySource" */ = {
			isa = XCConfigurationList;
			buildConfigurations = (
				912C7F111F3660C800A11473 /* Debug */,
				912C7F121F3660C800A11473 /* Release */,
			);
			defaultConfigurationIsVisible = 0;
			defaultConfigurationName = Release;
		};
		912C7F131F3660C800A11473 /* Build configuration list for PBXNativeTarget "PartySource" */ = {
			isa = XCConfigurationList;
			buildConfigurations = (
				912C7F141F3660C800A11473 /* Debug */,
				912C7F151F3660C800A11473 /* Release */,
			);
			defaultConfigurationIsVisible = 0;
			defaultConfigurationName = Release;
		};
		912C7F161F3660C800A11473 /* Build configuration list for PBXNativeTarget "PartySourceTests" */ = {
			isa = XCConfigurationList;
			buildConfigurations = (
				912C7F171F3660C800A11473 /* Debug */,
				912C7F181F3660C800A11473 /* Release */,
			);
			defaultConfigurationIsVisible = 0;
			defaultConfigurationName = Release;
		};
		912C7F191F3660C800A11473 /* Build configuration list for PBXNativeTarget "PartySourceUITests" */ = {
			isa = XCConfigurationList;
			buildConfigurations = (
				912C7F1A1F3660C800A11473 /* Debug */,
				912C7F1B1F3660C800A11473 /* Release */,
			);
			defaultConfigurationIsVisible = 0;
			defaultConfigurationName = Release;
		};
/* End XCConfigurationList section */
	};
	rootObject = 912C7EE31F3660C800A11473 /* Project object */;
}
